
Microsoft Visual Studio Solution File, Format Version 12.00
# Visual Studio 15
VisualStudioVersion = 15.0.26730.8
MinimumVisualStudioVersion = 10.0.40219.1
Project("{FAE04EC0-301F-11D3-BF4B-00C04F79EFBC}") = "ConsoleApp", "ConsoleApp\ConsoleApp.csproj", "{5BF17B99-C194-40C5-9F8F-2052250E5251}"
EndProject
Project("{FAE04EC0-301F-11D3-BF4B-00C04F79EFBC}") = "ConsoleApp.Launcher", "ConsoleApp.Launcher\ConsoleApp.Launcher.csproj", "{BC6B0211-D82E-4FB1-8B37-75D8D04A3C4B}"
EndProject
Project("{FAE04EC0-301F-11D3-BF4B-00C04F79EFBC}") = "MyNuGetServer", "MyNuGetServer\MyNuGetServer.csproj", "{76BAC5ED-9A51-4AB2-A7BE-543B61DC89E0}"
EndProject
Global
	GlobalSection(SolutionConfigurationPlatforms) = preSolution
		Debug|Any CPU = Debug|Any CPU
		Release|Any CPU = Release|Any CPU
	EndGlobalSection
	GlobalSection(ProjectConfigurationPlatforms) = postSolution
		{5BF17B99-C194-40C5-9F8F-2052250E5251}.Debug|Any CPU.ActiveCfg = Debug|Any CPU
		{5BF17B99-C194-40C5-9F8F-2052250E5251}.Debug|Any CPU.Build.0 = Debug|Any CPU
		{5BF17B99-C194-40C5-9F8F-2052250E5251}.Release|Any CPU.ActiveCfg = Release|Any CPU
		{5BF17B99-C194-40C5-9F8F-2052250E5251}.Release|Any CPU.Build.0 = Release|Any CPU
		{BC6B0211-D82E-4FB1-8B37-75D8D04A3C4B}.Debug|Any CPU.ActiveCfg = Debug|Any CPU
		{BC6B0211-D82E-4FB1-8B37-75D8D04A3C4B}.Debug|Any CPU.Build.0 = Debug|Any CPU
		{BC6B0211-D82E-4FB1-8B37-75D8D04A3C4B}.Release|Any CPU.ActiveCfg = Release|Any CPU
		{BC6B0211-D82E-4FB1-8B37-75D8D04A3C4B}.Release|Any CPU.Build.0 = Release|Any CPU
		{76BAC5ED-9A51-4AB2-A7BE-543B61DC89E0}.Debug|Any CPU.ActiveCfg = Debug|Any CPU
		{76BAC5ED-9A51-4AB2-A7BE-543B61DC89E0}.Debug|Any CPU.Build.0 = Debug|Any CPU
		{76BAC5ED-9A51-4AB2-A7BE-543B61DC89E0}.Release|Any CPU.ActiveCfg = Release|Any CPU
		{76BAC5ED-9A51-4AB2-A7BE-543B61DC89E0}.Release|Any CPU.Build.0 = Release|Any CPU
	EndGlobalSection
	GlobalSection(SolutionProperties) = preSolution
		HideSolutionNode = FALSE
	EndGlobalSection
	GlobalSection(ExtensibilityGlobals) = postSolution
		SolutionGuid = {78B55703-8586-4609-8D43-795EFAA4E817}
	EndGlobalSection
EndGlobal
